# THIS IS AN AUTOGENERATED FILE. DO NOT EDIT THIS FILE DIRECTLY.
# yarn lockfile v1


"@types/prop-types@*":
  version "15.5.5"
  resolved "https://registry.yarnpkg.com/@types/prop-types/-/prop-types-15.5.5.tgz#17038dd322c2325f5da650a94d5f9974943625e3"
  dependencies:
    "@types/react" "*"

"@types/react-redux@^6.0.6":
  version "6.0.6"
  resolved "https://registry.yarnpkg.com/@types/react-redux/-/react-redux-6.0.6.tgz#87f1d0a6ea901b93fcaf95fa57641ff64079d277"
  dependencies:
    "@types/react" "*"
    redux "^4.0.0"

"@types/react@*":
  version "16.4.11"
  resolved "https://registry.yarnpkg.com/@types/react/-/react-16.4.11.tgz#330f3d864300f71150dc2d125e48644c098f8770"
  dependencies:
    "@types/prop-types" "*"
    csstype "^2.2.0"

csstype@^2.2.0:
  version "2.5.6"
  resolved "https://registry.yarnpkg.com/csstype/-/csstype-2.5.6.tgz#2ae1db2319642d8b80a668d2d025c6196071e788"

"js-tokens@^3.0.0 || ^4.0.0":
  version "4.0.0"
  resolved "https://registry.yarnpkg.com/js-tokens/-/js-tokens-4.0.0.tgz#19203fb59991df98e3a287050d4647cdeaf32499"

loose-envify@^1.1.0:
  version "1.4.0"
  resolved "https://registry.yarnpkg.com/loose-envify/-/loose-envify-1.4.0.tgz#71ee51fa7be4caec1a63839f7e682d8132d30caf"
  dependencies:
    js-tokens "^3.0.0 || ^4.0.0"

redux@^4.0.0:
  version "4.0.0"
  resolved "https://registry.yarnpkg.com/redux/-/redux-4.0.0.tgz#aa698a92b729315d22b34a0553d7e6533555cc03"
  dependencies:
    loose-envify "^1.1.0"
    symbol-observable "^1.2.0"

symbol-observable@^1.2.0:
  version "1.2.0"
  resolved "https://registry.yarnpkg.com/symbol-observable/-/symbol-observable-1.2.0.tgz#c22688aed4eab3cdc2dfeacbb561660560a00804"
